
Microsoft Visual Studio Solution File, Format Version 12.00
# Visual Studio Version 16
VisualStudioVersion = 16.0.32407.337
MinimumVisualStudioVersion = 10.0.40219.1
Project("{FAE04EC0-301F-11D3-BF4B-00C04F79EFBC}") = "ShoppingCart", "ShoppingCart\ShoppingCart.csproj", "{78A0FC3F-0B75-4C44-B0B6-8AAF8CB0E30F}"
EndProject
Global
	GlobalSection(SolutionConfigurationPlatforms) = preSolution
		Debug|Any CPU = Debug|Any CPU
		Release|Any CPU = Release|Any CPU
	EndGlobalSection
	GlobalSection(ProjectConfigurationPlatforms) = postSolution
		{78A0FC3F-0B75-4C44-B0B6-8AAF8CB0E30F}.Debug|Any CPU.ActiveCfg = Debug|Any CPU
		{78A0FC3F-0B75-4C44-B0B6-8AAF8CB0E30F}.Debug|Any CPU.Build.0 = Debug|Any CPU
		{78A0FC3F-0B75-4C44-B0B6-8AAF8CB0E30F}.Release|Any CPU.ActiveCfg = Release|Any CPU
		{78A0FC3F-0B75-4C44-B0B6-8AAF8CB0E30F}.Release|Any CPU.Build.0 = Release|Any CPU
	EndGlobalSection
	GlobalSection(SolutionProperties) = preSolution
		HideSolutionNode = FALSE
	EndGlobalSection
	GlobalSection(ExtensibilityGlobals) = postSolution
		SolutionGuid = {8B60E89C-79DC-454E-B678-86AB049BE75B}
	EndGlobalSection
EndGlobal
